
Microsoft Visual Studio Solution File, Format Version 12.00
# Visual Studio Version 16
VisualStudioVersion = 16.0.29318.209
MinimumVisualStudioVersion = 10.0.40219.1
Project("{FAE04EC0-301F-11D3-BF4B-00C04F79EFBC}") = "ConsoleApp1", "ConsoleApp1\ConsoleApp1.csproj", "{C0185E4F-4480-4618-8B56-CA6BCB7E5B6A}"
EndProject
Global
	GlobalSection(SolutionConfigurationPlatforms) = preSolution
		Debug|Any CPU = Debug|Any CPU
		Release|Any CPU = Release|Any CPU
	EndGlobalSection
	GlobalSection(ProjectConfigurationPlatforms) = postSolution
		{C0185E4F-4480-4618-8B56-CA6BCB7E5B6A}.Debug|Any CPU.ActiveCfg = Debug|Any CPU
		{C0185E4F-4480-4618-8B56-CA6BCB7E5B6A}.Debug|Any CPU.Build.0 = Debug|Any CPU
		{C0185E4F-4480-4618-8B56-CA6BCB7E5B6A}.Release|Any CPU.ActiveCfg = Release|Any CPU
		{C0185E4F-4480-4618-8B56-CA6BCB7E5B6A}.Release|Any CPU.Build.0 = Release|Any CPU
	EndGlobalSection
	GlobalSection(SolutionProperties) = preSolution
		HideSolutionNode = FALSE
	EndGlobalSection
	GlobalSection(ExtensibilityGlobals) = postSolution
		SolutionGuid = {AE0DC0CD-F743-4A94-8375-38D7B7DB00B1}
	EndGlobalSection
EndGlobal
